
Microsoft Visual Studio Solution File, Format Version 12.00
# Visual Studio 14
VisualStudioVersion = 14.0.25420.1
MinimumVisualStudioVersion = 10.0.40219.1
Project("{FAE04EC0-301F-11D3-BF4B-00C04F79EFBC}") = "FileManager.WebAPI", "FileManager.WebAPI\FileManager.WebAPI.csproj", "{61C45FA4-8645-46FC-A607-0234A50974CE}"
EndProject
Project("{E24C65DC-7377-472B-9ABA-BC803B73C61A}") = "FileManager.Client", "FileManager.Client\", "{DFF47E49-B59A-4314-AF0C-3F00B966A7F7}"
	ProjectSection(WebsiteProperties) = preProject
		TargetFrameworkMoniker = ".NETFramework,Version%3Dv4.5.2"
		Debug.AspNetCompiler.VirtualPath = "/localhost_50202"
		Debug.AspNetCompiler.PhysicalPath = "FileManager.Client\"
		Debug.AspNetCompiler.TargetPath = "PrecompiledWeb\localhost_50202\"
		Debug.AspNetCompiler.Updateable = "true"
		Debug.AspNetCompiler.ForceOverwrite = "true"
		Debug.AspNetCompiler.FixedNames = "false"
		Debug.AspNetCompiler.Debug = "True"
		Release.AspNetCompiler.VirtualPath = "/localhost_50202"
		Release.AspNetCompiler.PhysicalPath = "FileManager.Client\"
		Release.AspNetCompiler.TargetPath = "PrecompiledWeb\localhost_50202\"
		Release.AspNetCompiler.Updateable = "true"
		Release.AspNetCompiler.ForceOverwrite = "true"
		Release.AspNetCompiler.FixedNames = "false"
		Release.AspNetCompiler.Debug = "False"
		VWDPort = "50202"
		SlnRelativePath = "FileManager.Client\"
	EndProjectSection
EndProject
Global
	GlobalSection(SolutionConfigurationPlatforms) = preSolution
		Debug|Any CPU = Debug|Any CPU
		Release|Any CPU = Release|Any CPU
	EndGlobalSection
	GlobalSection(ProjectConfigurationPlatforms) = postSolution
		{61C45FA4-8645-46FC-A607-0234A50974CE}.Debug|Any CPU.ActiveCfg = Debug|Any CPU
		{61C45FA4-8645-46FC-A607-0234A50974CE}.Debug|Any CPU.Build.0 = Debug|Any CPU
		{61C45FA4-8645-46FC-A607-0234A50974CE}.Release|Any CPU.ActiveCfg = Release|Any CPU
		{61C45FA4-8645-46FC-A607-0234A50974CE}.Release|Any CPU.Build.0 = Release|Any CPU
		{DFF47E49-B59A-4314-AF0C-3F00B966A7F7}.Debug|Any CPU.ActiveCfg = Debug|Any CPU
		{DFF47E49-B59A-4314-AF0C-3F00B966A7F7}.Debug|Any CPU.Build.0 = Debug|Any CPU
		{DFF47E49-B59A-4314-AF0C-3F00B966A7F7}.Release|Any CPU.ActiveCfg = Debug|Any CPU
		{DFF47E49-B59A-4314-AF0C-3F00B966A7F7}.Release|Any CPU.Build.0 = Debug|Any CPU
	EndGlobalSection
	GlobalSection(SolutionProperties) = preSolution
		HideSolutionNode = FALSE
	EndGlobalSection
EndGlobal
